
Microsoft Visual Studio Solution File, Format Version 12.00
# Visual Studio Version 17
VisualStudioVersion = 17.9.34728.123
MinimumVisualStudioVersion = 10.0.40219.1
Project("{FAE04EC0-301F-11D3-BF4B-00C04F79EFBC}") = "Hyrde.Challenge", "Hyrde.Challenge\Hyrde.Challenge.csproj", "{377033FE-787D-4B0B-8D6F-34977F4C779E}"
EndProject
Project("{2150E333-8FDC-42A3-9474-1A3956D46DE8}") = "tests", "tests", "{EE6511AA-701F-4972-998E-9827E3DBB582}"
EndProject
Project("{FAE04EC0-301F-11D3-BF4B-00C04F79EFBC}") = "Hyrde.Challenge.Tests", "tests\Hyrde.Challenge.Tests\Hyrde.Challenge.Tests.csproj", "{15E84610-F73D-428B-AB18-559BD027A240}"
EndProject
Global
	GlobalSection(SolutionConfigurationPlatforms) = preSolution
		Debug|Any CPU = Debug|Any CPU
		Release|Any CPU = Release|Any CPU
	EndGlobalSection
	GlobalSection(ProjectConfigurationPlatforms) = postSolution
		{377033FE-787D-4B0B-8D6F-34977F4C779E}.Debug|Any CPU.ActiveCfg = Debug|Any CPU
		{377033FE-787D-4B0B-8D6F-34977F4C779E}.Debug|Any CPU.Build.0 = Debug|Any CPU
		{377033FE-787D-4B0B-8D6F-34977F4C779E}.Release|Any CPU.ActiveCfg = Release|Any CPU
		{377033FE-787D-4B0B-8D6F-34977F4C779E}.Release|Any CPU.Build.0 = Release|Any CPU
		{15E84610-F73D-428B-AB18-559BD027A240}.Debug|Any CPU.ActiveCfg = Debug|Any CPU
		{15E84610-F73D-428B-AB18-559BD027A240}.Debug|Any CPU.Build.0 = Debug|Any CPU
		{15E84610-F73D-428B-AB18-559BD027A240}.Release|Any CPU.ActiveCfg = Release|Any CPU
		{15E84610-F73D-428B-AB18-559BD027A240}.Release|Any CPU.Build.0 = Release|Any CPU
	EndGlobalSection
	GlobalSection(SolutionProperties) = preSolution
		HideSolutionNode = FALSE
	EndGlobalSection
	GlobalSection(ExtensibilityGlobals) = postSolution
		SolutionGuid = {CEF29277-9D48-4ECD-89E5-2B40D3D08057}
	EndGlobalSection
	GlobalSection(NestedProjects) = preSolution
		{15E84610-F73D-428B-AB18-559BD027A240} = {EE6511AA-701F-4972-998E-9827E3DBB582}
	EndGlobalSection
EndGlobal
